
Microsoft Visual Studio Solution File, Format Version 12.00
# Visual Studio Version 16
VisualStudioVersion = 16.0.30021.99
MinimumVisualStudioVersion = 10.0.40219.1
Project("{FAE04EC0-301F-11D3-BF4B-00C04F79EFBC}") = "ScientificTraining", "ScientificTraining\ScientificTraining.csproj", "{EE8E3A99-6AEF-435F-8D5E-05E40F000F50}"
EndProject
Project("{2150E333-8FDC-42A3-9474-1A3956D46DE8}") = "Solution Items", "Solution Items", "{A4BCFDC1-A2F8-4A2E-89D5-9D361FC06EF4}"
	ProjectSection(SolutionItems) = preProject
		ReadMe.txt = ReadMe.txt
	EndProjectSection
EndProject
Project("{FAE04EC0-301F-11D3-BF4B-00C04F79EFBC}") = "UsingEventAggregator.Core", "UsingEventAggregator.Core\UsingEventAggregator.Core.csproj", "{AA2EB050-0639-4A41-8CF2-D1CF43DCCFEF}"
EndProject
Project("{FAE04EC0-301F-11D3-BF4B-00C04F79EFBC}") = "ModuleLogic", "ModuleLogic\ModuleLogic.csproj", "{3314AA7A-DF2E-463C-8632-F7E6083531FC}"
EndProject
Project("{FAE04EC0-301F-11D3-BF4B-00C04F79EFBC}") = "ShuZai.Wpf.Toolkit", "ShuZai.Wpf.Toolkit\ShuZai.Wpf.Toolkit.csproj", "{C141DF2C-545B-4779-B478-7CBB9BA70693}"
EndProject
Global
	GlobalSection(SolutionConfigurationPlatforms) = preSolution
		Debug|Any CPU = Debug|Any CPU
		Debug|x64 = Debug|x64
		Debug|x86 = Debug|x86
		Release|Any CPU = Release|Any CPU
		Release|x64 = Release|x64
		Release|x86 = Release|x86
	EndGlobalSection
	GlobalSection(ProjectConfigurationPlatforms) = postSolution
		{EE8E3A99-6AEF-435F-8D5E-05E40F000F50}.Debug|Any CPU.ActiveCfg = Debug|Any CPU
		{EE8E3A99-6AEF-435F-8D5E-05E40F000F50}.Debug|Any CPU.Build.0 = Debug|Any CPU
		{EE8E3A99-6AEF-435F-8D5E-05E40F000F50}.Debug|x64.ActiveCfg = Debug|x64
		{EE8E3A99-6AEF-435F-8D5E-05E40F000F50}.Debug|x64.Build.0 = Debug|x64
		{EE8E3A99-6AEF-435F-8D5E-05E40F000F50}.Debug|x86.ActiveCfg = Debug|x86
		{EE8E3A99-6AEF-435F-8D5E-05E40F000F50}.Debug|x86.Build.0 = Debug|x86
		{EE8E3A99-6AEF-435F-8D5E-05E40F000F50}.Release|Any CPU.ActiveCfg = Release|x64
		{EE8E3A99-6AEF-435F-8D5E-05E40F000F50}.Release|Any CPU.Build.0 = Release|x64
		{EE8E3A99-6AEF-435F-8D5E-05E40F000F50}.Release|x64.ActiveCfg = Release|x64
		{EE8E3A99-6AEF-435F-8D5E-05E40F000F50}.Release|x64.Build.0 = Release|x64
		{EE8E3A99-6AEF-435F-8D5E-05E40F000F50}.Release|x86.ActiveCfg = Release|x86
		{EE8E3A99-6AEF-435F-8D5E-05E40F000F50}.Release|x86.Build.0 = Release|x86
		{AA2EB050-0639-4A41-8CF2-D1CF43DCCFEF}.Debug|Any CPU.ActiveCfg = Debug|Any CPU
		{AA2EB050-0639-4A41-8CF2-D1CF43DCCFEF}.Debug|Any CPU.Build.0 = Debug|Any CPU
		{AA2EB050-0639-4A41-8CF2-D1CF43DCCFEF}.Debug|x64.ActiveCfg = Debug|x64
		{AA2EB050-0639-4A41-8CF2-D1CF43DCCFEF}.Debug|x64.Build.0 = Debug|x64
		{AA2EB050-0639-4A41-8CF2-D1CF43DCCFEF}.Debug|x86.ActiveCfg = Debug|x86
		{AA2EB050-0639-4A41-8CF2-D1CF43DCCFEF}.Debug|x86.Build.0 = Debug|x86
		{AA2EB050-0639-4A41-8CF2-D1CF43DCCFEF}.Release|Any CPU.ActiveCfg = Release|x64
		{AA2EB050-0639-4A41-8CF2-D1CF43DCCFEF}.Release|Any CPU.Build.0 = Release|x64
		{AA2EB050-0639-4A41-8CF2-D1CF43DCCFEF}.Release|x64.ActiveCfg = Release|x64
		{AA2EB050-0639-4A41-8CF2-D1CF43DCCFEF}.Release|x64.Build.0 = Release|x64
		{AA2EB050-0639-4A41-8CF2-D1CF43DCCFEF}.Release|x86.ActiveCfg = Release|x86
		{AA2EB050-0639-4A41-8CF2-D1CF43DCCFEF}.Release|x86.Build.0 = Release|x86
		{3314AA7A-DF2E-463C-8632-F7E6083531FC}.Debug|Any CPU.ActiveCfg = Debug|Any CPU
		{3314AA7A-DF2E-463C-8632-F7E6083531FC}.Debug|Any CPU.Build.0 = Debug|Any CPU
		{3314AA7A-DF2E-463C-8632-F7E6083531FC}.Debug|x64.ActiveCfg = Debug|x64
		{3314AA7A-DF2E-463C-8632-F7E6083531FC}.Debug|x64.Build.0 = Debug|x64
		{3314AA7A-DF2E-463C-8632-F7E6083531FC}.Debug|x86.ActiveCfg = Debug|Any CPU
		{3314AA7A-DF2E-463C-8632-F7E6083531FC}.Debug|x86.Build.0 = Debug|Any CPU
		{3314AA7A-DF2E-463C-8632-F7E6083531FC}.Release|Any CPU.ActiveCfg = Release|x64
		{3314AA7A-DF2E-463C-8632-F7E6083531FC}.Release|Any CPU.Build.0 = Release|x64
		{3314AA7A-DF2E-463C-8632-F7E6083531FC}.Release|x64.ActiveCfg = Release|x64
		{3314AA7A-DF2E-463C-8632-F7E6083531FC}.Release|x64.Build.0 = Release|x64
		{3314AA7A-DF2E-463C-8632-F7E6083531FC}.Release|x86.ActiveCfg = Release|Any CPU
		{3314AA7A-DF2E-463C-8632-F7E6083531FC}.Release|x86.Build.0 = Release|Any CPU
		{C141DF2C-545B-4779-B478-7CBB9BA70693}.Debug|Any CPU.ActiveCfg = Debug|Any CPU
		{C141DF2C-545B-4779-B478-7CBB9BA70693}.Debug|Any CPU.Build.0 = Debug|Any CPU
		{C141DF2C-545B-4779-B478-7CBB9BA70693}.Debug|x64.ActiveCfg = Debug|Any CPU
		{C141DF2C-545B-4779-B478-7CBB9BA70693}.Debug|x64.Build.0 = Debug|Any CPU
		{C141DF2C-545B-4779-B478-7CBB9BA70693}.Debug|x86.ActiveCfg = Debug|Any CPU
		{C141DF2C-545B-4779-B478-7CBB9BA70693}.Debug|x86.Build.0 = Debug|Any CPU
		{C141DF2C-545B-4779-B478-7CBB9BA70693}.Release|Any CPU.ActiveCfg = Release|Any CPU
		{C141DF2C-545B-4779-B478-7CBB9BA70693}.Release|Any CPU.Build.0 = Release|Any CPU
		{C141DF2C-545B-4779-B478-7CBB9BA70693}.Release|x64.ActiveCfg = Release|Any CPU
		{C141DF2C-545B-4779-B478-7CBB9BA70693}.Release|x64.Build.0 = Release|Any CPU
		{C141DF2C-545B-4779-B478-7CBB9BA70693}.Release|x86.ActiveCfg = Release|Any CPU
		{C141DF2C-545B-4779-B478-7CBB9BA70693}.Release|x86.Build.0 = Release|Any CPU
	EndGlobalSection
	GlobalSection(SolutionProperties) = preSolution
		HideSolutionNode = FALSE
	EndGlobalSection
	GlobalSection(ExtensibilityGlobals) = postSolution
		SolutionGuid = {77A4BF03-E911-4917-83BD-BE08FF2706D7}
	EndGlobalSection
EndGlobal
